
Microsoft Visual Studio Solution File, Format Version 12.00
# Visual Studio Version 17
VisualStudioVersion = 17.1.32210.238
MinimumVisualStudioVersion = 10.0.40219.1
Project("{FAE04EC0-301F-11D3-BF4B-00C04F79EFBC}") = "IsItMondayAPI", "IsItMondayAPI.csproj", "{8B0956F8-F556-4347-B3FD-EE986C46C274}"
EndProject
Global
	GlobalSection(SolutionConfigurationPlatforms) = preSolution
		Debug|Any CPU = Debug|Any CPU
		Release|Any CPU = Release|Any CPU
	EndGlobalSection
	GlobalSection(ProjectConfigurationPlatforms) = postSolution
		{8B0956F8-F556-4347-B3FD-EE986C46C274}.Debug|Any CPU.ActiveCfg = Debug|Any CPU
		{8B0956F8-F556-4347-B3FD-EE986C46C274}.Debug|Any CPU.Build.0 = Debug|Any CPU
		{8B0956F8-F556-4347-B3FD-EE986C46C274}.Release|Any CPU.ActiveCfg = Release|Any CPU
		{8B0956F8-F556-4347-B3FD-EE986C46C274}.Release|Any CPU.Build.0 = Release|Any CPU
	EndGlobalSection
	GlobalSection(SolutionProperties) = preSolution
		HideSolutionNode = FALSE
	EndGlobalSection
	GlobalSection(ExtensibilityGlobals) = postSolution
		SolutionGuid = {38D48EDE-7AF3-41CB-946C-808D88FBE3CA}
	EndGlobalSection
EndGlobal
